
Microsoft Visual Studio Solution File, Format Version 12.00
# Visual Studio Version 17
VisualStudioVersion = 17.8.34309.116
MinimumVisualStudioVersion = 10.0.40219.1
Project("{FAE04EC0-301F-11D3-BF4B-00C04F79EFBC}") = "loyalty", "loyalty\loyalty.csproj", "{F1C3C1C1-6D2B-48DA-A021-C9864EA9747B}"
EndProject
Global
	GlobalSection(SolutionConfigurationPlatforms) = preSolution
		Debug|Any CPU = Debug|Any CPU
		Release|Any CPU = Release|Any CPU
	EndGlobalSection
	GlobalSection(ProjectConfigurationPlatforms) = postSolution
		{F1C3C1C1-6D2B-48DA-A021-C9864EA9747B}.Debug|Any CPU.ActiveCfg = Debug|Any CPU
		{F1C3C1C1-6D2B-48DA-A021-C9864EA9747B}.Debug|Any CPU.Build.0 = Debug|Any CPU
		{F1C3C1C1-6D2B-48DA-A021-C9864EA9747B}.Release|Any CPU.ActiveCfg = Release|Any CPU
		{F1C3C1C1-6D2B-48DA-A021-C9864EA9747B}.Release|Any CPU.Build.0 = Release|Any CPU
	EndGlobalSection
	GlobalSection(SolutionProperties) = preSolution
		HideSolutionNode = FALSE
	EndGlobalSection
	GlobalSection(ExtensibilityGlobals) = postSolution
		SolutionGuid = {BAB956FC-F008-4DF1-B142-BFA9588A32B1}
	EndGlobalSection
EndGlobal
